// !$*UTF8*$!
{
	archiveVersion = 1;
	classes = {
	};
	objectVersion = 50;
	objects = {

/* Begin PBXBuildFile section */
		270D873B253B4112008352B2 /* AppDelegate.swift in Sources */ = {isa = PBXBuildFile; fileRef = 270D873A253B4112008352B2 /* AppDelegate.swift */; };
		270D873D253B4112008352B2 /* SceneDelegate.swift in Sources */ = {isa = PBXBuildFile; fileRef = 270D873C253B4112008352B2 /* SceneDelegate.swift */; };
		270D873F253B4112008352B2 /* ViewController.swift in Sources */ = {isa = PBXBuildFile; fileRef = 270D873E253B4112008352B2 /* ViewController.swift */; };
		270D8742253B4112008352B2 /* Main.storyboard in Resources */ = {isa = PBXBuildFile; fileRef = 270D8740253B4112008352B2 /* Main.storyboard */; };
		270D8744253B4114008352B2 /* Assets.xcassets in Resources */ = {isa = PBXBuildFile; fileRef = 270D8743253B4114008352B2 /* Assets.xcassets */; };
		270D8747253B4114008352B2 /* LaunchScreen.storyboard in Resources */ = {isa = PBXBuildFile; fileRef = 270D8745253B4114008352B2 /* LaunchScreen.storyboard */; };
		270D8752253B4115008352B2 /* iOS_App_ChallengeTests.swift in Sources */ = {isa = PBXBuildFile; fileRef = 270D8751253B4115008352B2 /* iOS_App_ChallengeTests.swift */; };
		270D875D253B4115008352B2 /* iOS_App_ChallengeUITests.swift in Sources */ = {isa = PBXBuildFile; fileRef = 270D875C253B4115008352B2 /* iOS_App_ChallengeUITests.swift */; };
		27467216253B487100AF5BEC /* Details.storyboard in Resources */ = {isa = PBXBuildFile; fileRef = 27467215253B487100AF5BEC /* Details.storyboard */; };
		2746721B253B487600AF5BEC /* List.storyboard in Resources */ = {isa = PBXBuildFile; fileRef = 2746721A253B487600AF5BEC /* List.storyboard */; };
		27467220253B487E00AF5BEC /* Search.storyboard in Resources */ = {isa = PBXBuildFile; fileRef = 2746721F253B487E00AF5BEC /* Search.storyboard */; };
		27467225253B48B000AF5BEC /* SearchViewController.swift in Sources */ = {isa = PBXBuildFile; fileRef = 27467224253B48B000AF5BEC /* SearchViewController.swift */; };
		2746722A253B48B800AF5BEC /* ListViewController.swift in Sources */ = {isa = PBXBuildFile; fileRef = 27467229253B48B800AF5BEC /* ListViewController.swift */; };
		2746723A253B48D000AF5BEC /* DetailsViewController.swift in Sources */ = {isa = PBXBuildFile; fileRef = 27467239253B48D000AF5BEC /* DetailsViewController.swift */; };
/* End PBXBuildFile section */

/* Begin PBXContainerItemProxy section */
		270D874E253B4115008352B2 /* PBXContainerItemProxy */ = {
			isa = PBXContainerItemProxy;
			containerPortal = 270D872F253B4112008352B2 /* Project object */;
			proxyType = 1;
			remoteGlobalIDString = 270D8736253B4112008352B2;
			remoteInfo = "iOS-App-Challenge";
		};
		270D8759253B4115008352B2 /* PBXContainerItemProxy */ = {
			isa = PBXContainerItemProxy;
			containerPortal = 270D872F253B4112008352B2 /* Project object */;
			proxyType = 1;
			remoteGlobalIDString = 270D8736253B4112008352B2;
			remoteInfo = "iOS-App-Challenge";
		};
/* End PBXContainerItemProxy section */

/* Begin PBXFileReference section */
		270D8737253B4112008352B2 /* iOS-App-Challenge.app */ = {isa = PBXFileReference; explicitFileType = wrapper.application; includeInIndex = 0; path = "iOS-App-Challenge.app"; sourceTree = BUILT_PRODUCTS_DIR; };
		270D873A253B4112008352B2 /* AppDelegate.swift */ = {isa = PBXFileReference; lastKnownFileType = sourcecode.swift; path = AppDelegate.swift; sourceTree = "<group>"; };
		270D873C253B4112008352B2 /* SceneDelegate.swift */ = {isa = PBXFileReference; lastKnownFileType = sourcecode.swift; path = SceneDelegate.swift; sourceTree = "<group>"; };
		270D873E253B4112008352B2 /* ViewController.swift */ = {isa = PBXFileReference; lastKnownFileType = sourcecode.swift; path = ViewController.swift; sourceTree = "<group>"; };
		270D8741253B4112008352B2 /* Base */ = {isa = PBXFileReference; lastKnownFileType = file.storyboard; name = Base; path = Base.lproj/Main.storyboard; sourceTree = "<group>"; };
		270D8743253B4114008352B2 /* Assets.xcassets */ = {isa = PBXFileReference; lastKnownFileType = folder.assetcatalog; path = Assets.xcassets; sourceTree = "<group>"; };
		270D8746253B4114008352B2 /* Base */ = {isa = PBXFileReference; lastKnownFileType = file.storyboard; name = Base; path = Base.lproj/LaunchScreen.storyboard; sourceTree = "<group>"; };
		270D8748253B4114008352B2 /* Info.plist */ = {isa = PBXFileReference; lastKnownFileType = text.plist.xml; path = Info.plist; sourceTree = "<group>"; };
		270D874D253B4115008352B2 /* iOS-App-ChallengeTests.xctest */ = {isa = PBXFileReference; explicitFileType = wrapper.cfbundle; includeInIndex = 0; path = "iOS-App-ChallengeTests.xctest"; sourceTree = BUILT_PRODUCTS_DIR; };
		270D8751253B4115008352B2 /* iOS_App_ChallengeTests.swift */ = {isa = PBXFileReference; lastKnownFileType = sourcecode.swift; path = iOS_App_ChallengeTests.swift; sourceTree = "<group>"; };
		270D8753253B4115008352B2 /* Info.plist */ = {isa = PBXFileReference; lastKnownFileType = text.plist.xml; path = Info.plist; sourceTree = "<group>"; };
		270D8758253B4115008352B2 /* iOS-App-ChallengeUITests.xctest */ = {isa = PBXFileReference; explicitFileType = wrapper.cfbundle; includeInIndex = 0; path = "iOS-App-ChallengeUITests.xctest"; sourceTree = BUILT_PRODUCTS_DIR; };
		270D875C253B4115008352B2 /* iOS_App_ChallengeUITests.swift */ = {isa = PBXFileReference; lastKnownFileType = sourcecode.swift; path = iOS_App_ChallengeUITests.swift; sourceTree = "<group>"; };
		270D875E253B4115008352B2 /* Info.plist */ = {isa = PBXFileReference; lastKnownFileType = text.plist.xml; path = Info.plist; sourceTree = "<group>"; };
		27467215253B487100AF5BEC /* Details.storyboard */ = {isa = PBXFileReference; lastKnownFileType = file.storyboard; path = Details.storyboard; sourceTree = "<group>"; };
		2746721A253B487600AF5BEC /* List.storyboard */ = {isa = PBXFileReference; lastKnownFileType = file.storyboard; path = List.storyboard; sourceTree = "<group>"; };
		2746721F253B487E00AF5BEC /* Search.storyboard */ = {isa = PBXFileReference; lastKnownFileType = file.storyboard; path = Search.storyboard; sourceTree = "<group>"; };
		27467224253B48B000AF5BEC /* SearchViewController.swift */ = {isa = PBXFileReference; lastKnownFileType = sourcecode.swift; path = SearchViewController.swift; sourceTree = "<group>"; };
		27467229253B48B800AF5BEC /* ListViewController.swift */ = {isa = PBXFileReference; lastKnownFileType = sourcecode.swift; path = ListViewController.swift; sourceTree = "<group>"; };
		27467239253B48D000AF5BEC /* DetailsViewController.swift */ = {isa = PBXFileReference; lastKnownFileType = sourcecode.swift; path = DetailsViewController.swift; sourceTree = "<group>"; };
/* End PBXFileReference section */

/* Begin PBXFrameworksBuildPhase section */
		270D8734253B4112008352B2 /* Frameworks */ = {
			isa = PBXFrameworksBuildPhase;
			buildActionMask = 2147483647;
			files = (
			);
			runOnlyForDeploymentPostprocessing = 0;
		};
		270D874A253B4115008352B2 /* Frameworks */ = {
			isa = PBXFrameworksBuildPhase;
			buildActionMask = 2147483647;
			files = (
			);
			runOnlyForDeploymentPostprocessing = 0;
		};
		270D8755253B4115008352B2 /* Frameworks */ = {
			isa = PBXFrameworksBuildPhase;
			buildActionMask = 2147483647;
			files = (
			);
			runOnlyForDeploymentPostprocessing = 0;
		};
/* End PBXFrameworksBuildPhase section */

/* Begin PBXGroup section */
		270D872E253B4112008352B2 = {
			isa = PBXGroup;
			children = (
				270D8739253B4112008352B2 /* iOS-App-Challenge */,
				270D8750253B4115008352B2 /* iOS-App-ChallengeTests */,
				270D875B253B4115008352B2 /* iOS-App-ChallengeUITests */,
				270D8738253B4112008352B2 /* Products */,
			);
			sourceTree = "<group>";
		};
		270D8738253B4112008352B2 /* Products */ = {
			isa = PBXGroup;
			children = (
				270D8737253B4112008352B2 /* iOS-App-Challenge.app */,
				270D874D253B4115008352B2 /* iOS-App-ChallengeTests.xctest */,
				270D8758253B4115008352B2 /* iOS-App-ChallengeUITests.xctest */,
			);
			name = Products;
			sourceTree = "<group>";
		};
		270D8739253B4112008352B2 /* iOS-App-Challenge */ = {
			isa = PBXGroup;
			children = (
				2746720F253B481700AF5BEC /* Application Base */,
				27467210253B481E00AF5BEC /* Networking */,
				27467211253B482400AF5BEC /* Screens */,
				270D873E253B4112008352B2 /* ViewController.swift */,
				270D8740253B4112008352B2 /* Main.storyboard */,
				270D8745253B4114008352B2 /* LaunchScreen.storyboard */,
			);
			path = "iOS-App-Challenge";
			sourceTree = "<group>";
		};
		270D8750253B4115008352B2 /* iOS-App-ChallengeTests */ = {
			isa = PBXGroup;
			children = (
				270D8751253B4115008352B2 /* iOS_App_ChallengeTests.swift */,
				270D8753253B4115008352B2 /* Info.plist */,
			);
			path = "iOS-App-ChallengeTests";
			sourceTree = "<group>";
		};
		270D875B253B4115008352B2 /* iOS-App-ChallengeUITests */ = {
			isa = PBXGroup;
			children = (
				270D875C253B4115008352B2 /* iOS_App_ChallengeUITests.swift */,
				270D875E253B4115008352B2 /* Info.plist */,
			);
			path = "iOS-App-ChallengeUITests";
			sourceTree = "<group>";
		};
		2746720F253B481700AF5BEC /* Application Base */ = {
			isa = PBXGroup;
			children = (
				270D873A253B4112008352B2 /* AppDelegate.swift */,
				270D873C253B4112008352B2 /* SceneDelegate.swift */,
				270D8743253B4114008352B2 /* Assets.xcassets */,
				270D8748253B4114008352B2 /* Info.plist */,
			);
			path = "Application Base";
			sourceTree = "<group>";
		};
		27467210253B481E00AF5BEC /* Networking */ = {
			isa = PBXGroup;
			children = (
			);
			path = Networking;
			sourceTree = "<group>";
		};
		27467211253B482400AF5BEC /* Screens */ = {
			isa = PBXGroup;
			children = (
				27467212253B483200AF5BEC /* Details */,
				27467213253B483800AF5BEC /* List */,
				27467214253B483C00AF5BEC /* Search */,
			);
			path = Screens;
			sourceTree = "<group>";
		};
		27467212253B483200AF5BEC /* Details */ = {
			isa = PBXGroup;
			children = (
				27467215253B487100AF5BEC /* Details.storyboard */,
				27467239253B48D000AF5BEC /* DetailsViewController.swift */,
			);
			path = Details;
			sourceTree = "<group>";
		};
		27467213253B483800AF5BEC /* List */ = {
			isa = PBXGroup;
			children = (
				2746721A253B487600AF5BEC /* List.storyboard */,
				27467229253B48B800AF5BEC /* ListViewController.swift */,
			);
			path = List;
			sourceTree = "<group>";
		};
		27467214253B483C00AF5BEC /* Search */ = {
			isa = PBXGroup;
			children = (
				2746721F253B487E00AF5BEC /* Search.storyboard */,
				27467224253B48B000AF5BEC /* SearchViewController.swift */,
			);
			path = Search;
			sourceTree = "<group>";
		};
/* End PBXGroup section */

/* Begin PBXNativeTarget section */
		270D8736253B4112008352B2 /* iOS-App-Challenge */ = {
			isa = PBXNativeTarget;
			buildConfigurationList = 270D8761253B4115008352B2 /* Build configuration list for PBXNativeTarget "iOS-App-Challenge" */;
			buildPhases = (
				270D8733253B4112008352B2 /* Sources */,
				270D8734253B4112008352B2 /* Frameworks */,
				270D8735253B4112008352B2 /* Resources */,
			);
			buildRules = (
			);
			dependencies = (
			);
			name = "iOS-App-Challenge";
			productName = "iOS-App-Challenge";
			productReference = 270D8737253B4112008352B2 /* iOS-App-Challenge.app */;
			productType = "com.apple.product-type.application";
		};
		270D874C253B4115008352B2 /* iOS-App-ChallengeTests */ = {
			isa = PBXNativeTarget;
			buildConfigurationList = 270D8764253B4115008352B2 /* Build configuration list for PBXNativeTarget "iOS-App-ChallengeTests" */;
			buildPhases = (
				270D8749253B4115008352B2 /* Sources */,
				270D874A253B4115008352B2 /* Frameworks */,
				270D874B253B4115008352B2 /* Resources */,
			);
			buildRules = (
			);
			dependencies = (
				270D874F253B4115008352B2 /* PBXTargetDependency */,
			);
			name = "iOS-App-ChallengeTests";
			productName = "iOS-App-ChallengeTests";
			productReference = 270D874D253B4115008352B2 /* iOS-App-ChallengeTests.xctest */;
			productType = "com.apple.product-type.bundle.unit-test";
		};
		270D8757253B4115008352B2 /* iOS-App-ChallengeUITests */ = {
			isa = PBXNativeTarget;
			buildConfigurationList = 270D8767253B4115008352B2 /* Build configuration list for PBXNativeTarget "iOS-App-ChallengeUITests" */;
			buildPhases = (
				270D8754253B4115008352B2 /* Sources */,
				270D8755253B4115008352B2 /* Frameworks */,
				270D8756253B4115008352B2 /* Resources */,
			);
			buildRules = (
			);
			dependencies = (
				270D875A253B4115008352B2 /* PBXTargetDependency */,
			);
			name = "iOS-App-ChallengeUITests";
			productName = "iOS-App-ChallengeUITests";
			productReference = 270D8758253B4115008352B2 /* iOS-App-ChallengeUITests.xctest */;
			productType = "com.apple.product-type.bundle.ui-testing";
		};
/* End PBXNativeTarget section */

/* Begin PBXProject section */
		270D872F253B4112008352B2 /* Project object */ = {
			isa = PBXProject;
			attributes = {
				LastSwiftUpdateCheck = 1200;
				LastUpgradeCheck = 1200;
				TargetAttributes = {
					270D8736253B4112008352B2 = {
						CreatedOnToolsVersion = 12.0.1;
					};
					270D874C253B4115008352B2 = {
						CreatedOnToolsVersion = 12.0.1;
						TestTargetID = 270D8736253B4112008352B2;
					};
					270D8757253B4115008352B2 = {
						CreatedOnToolsVersion = 12.0.1;
						TestTargetID = 270D8736253B4112008352B2;
					};
				};
			};
			buildConfigurationList = 270D8732253B4112008352B2 /* Build configuration list for PBXProject "iOS-App-Challenge" */;
			compatibilityVersion = "Xcode 9.3";
			developmentRegion = en;
			hasScannedForEncodings = 0;
			knownRegions = (
				en,
				Base,
			);
			mainGroup = 270D872E253B4112008352B2;
			productRefGroup = 270D8738253B4112008352B2 /* Products */;
			projectDirPath = "";
			projectRoot = "";
			targets = (
				270D8736253B4112008352B2 /* iOS-App-Challenge */,
				270D874C253B4115008352B2 /* iOS-App-ChallengeTests */,
				270D8757253B4115008352B2 /* iOS-App-ChallengeUITests */,
			);
		};
/* End PBXProject section */

/* Begin PBXResourcesBuildPhase section */
		270D8735253B4112008352B2 /* Resources */ = {
			isa = PBXResourcesBuildPhase;
			buildActionMask = 2147483647;
			files = (
				27467220253B487E00AF5BEC /* Search.storyboard in Resources */,
				270D8747253B4114008352B2 /* LaunchScreen.storyboard in Resources */,
				270D8744253B4114008352B2 /* Assets.xcassets in Resources */,
				2746721B253B487600AF5BEC /* List.storyboard in Resources */,
				270D8742253B4112008352B2 /* Main.storyboard in Resources */,
				27467216253B487100AF5BEC /* Details.storyboard in Resources */,
			);
			runOnlyForDeploymentPostprocessing = 0;
		};
		270D874B253B4115008352B2 /* Resources */ = {
			isa = PBXResourcesBuildPhase;
			buildActionMask = 2147483647;
			files = (
			);
			runOnlyForDeploymentPostprocessing = 0;
		};
		270D8756253B4115008352B2 /* Resources */ = {
			isa = PBXResourcesBuildPhase;
			buildActionMask = 2147483647;
			files = (
			);
			runOnlyForDeploymentPostprocessing = 0;
		};
/* End PBXResourcesBuildPhase section */

/* Begin PBXSourcesBuildPhase section */
		270D8733253B4112008352B2 /* Sources */ = {
			isa = PBXSourcesBuildPhase;
			buildActionMask = 2147483647;
			files = (
				270D873F253B4112008352B2 /* ViewController.swift in Sources */,
				270D873B253B4112008352B2 /* AppDelegate.swift in Sources */,
				27467225253B48B000AF5BEC /* SearchViewController.swift in Sources */,
				2746722A253B48B800AF5BEC /* ListViewController.swift in Sources */,
				270D873D253B4112008352B2 /* SceneDelegate.swift in Sources */,
				2746723A253B48D000AF5BEC /* DetailsViewController.swift in Sources */,
			);
			runOnlyForDeploymentPostprocessing = 0;
		};
		270D8749253B4115008352B2 /* Sources */ = {
			isa = PBXSourcesBuildPhase;
			buildActionMask = 2147483647;
			files = (
				270D8752253B4115008352B2 /* iOS_App_ChallengeTests.swift in Sources */,
			);
			runOnlyForDeploymentPostprocessing = 0;
		};
		270D8754253B4115008352B2 /* Sources */ = {
			isa = PBXSourcesBuildPhase;
			buildActionMask = 2147483647;
			files = (
				270D875D253B4115008352B2 /* iOS_App_ChallengeUITests.swift in Sources */,
			);
			runOnlyForDeploymentPostprocessing = 0;
		};
/* End PBXSourcesBuildPhase section */

/* Begin PBXTargetDependency section */
		270D874F253B4115008352B2 /* PBXTargetDependency */ = {
			isa = PBXTargetDependency;
			target = 270D8736253B4112008352B2 /* iOS-App-Challenge */;
			targetProxy = 270D874E253B4115008352B2 /* PBXContainerItemProxy */;
		};
		270D875A253B4115008352B2 /* PBXTargetDependency */ = {
			isa = PBXTargetDependency;
			target = 270D8736253B4112008352B2 /* iOS-App-Challenge */;
			targetProxy = 270D8759253B4115008352B2 /* PBXContainerItemProxy */;
		};
/* End PBXTargetDependency section */

/* Begin PBXVariantGroup section */
		270D8740253B4112008352B2 /* Main.storyboard */ = {
			isa = PBXVariantGroup;
			children = (
				270D8741253B4112008352B2 /* Base */,
			);
			name = Main.storyboard;
			sourceTree = "<group>";
		};
		270D8745253B4114008352B2 /* LaunchScreen.storyboard */ = {
			isa = PBXVariantGroup;
			children = (
				270D8746253B4114008352B2 /* Base */,
			);
			name = LaunchScreen.storyboard;
			sourceTree = "<group>";
		};
/* End PBXVariantGroup section */

/* Begin XCBuildConfiguration section */
		270D875F253B4115008352B2 /* Debug */ = {
			isa = XCBuildConfiguration;
			buildSettings = {
				ALWAYS_SEARCH_USER_PATHS = NO;
				CLANG_ANALYZER_NONNULL = YES;
				CLANG_ANALYZER_NUMBER_OBJECT_CONVERSION = YES_AGGRESSIVE;
				CLANG_CXX_LANGUAGE_STANDARD = "gnu++14";
				CLANG_CXX_LIBRARY = "libc++";
				CLANG_ENABLE_MODULES = YES;
				CLANG_ENABLE_OBJC_ARC = YES;
				CLANG_ENABLE_OBJC_WEAK = YES;
				CLANG_WARN_BLOCK_CAPTURE_AUTORELEASING = YES;
				CLANG_WARN_BOOL_CONVERSION = YES;
				CLANG_WARN_COMMA = YES;
				CLANG_WARN_CONSTANT_CONVERSION = YES;
				CLANG_WARN_DEPRECATED_OBJC_IMPLEMENTATIONS = YES;
				CLANG_WARN_DIRECT_OBJC_ISA_USAGE = YES_ERROR;
				CLANG_WARN_DOCUMENTATION_COMMENTS = YES;
				CLANG_WARN_EMPTY_BODY = YES;
				CLANG_WARN_ENUM_CONVERSION = YES;
				CLANG_WARN_INFINITE_RECURSION = YES;
				CLANG_WARN_INT_CONVERSION = YES;
				CLANG_WARN_NON_LITERAL_NULL_CONVERSION = YES;
				CLANG_WARN_OBJC_IMPLICIT_RETAIN_SELF = YES;
				CLANG_WARN_OBJC_LITERAL_CONVERSION = YES;
				CLANG_WARN_OBJC_ROOT_CLASS = YES_ERROR;
				CLANG_WARN_QUOTED_INCLUDE_IN_FRAMEWORK_HEADER = YES;
				CLANG_WARN_RANGE_LOOP_ANALYSIS = YES;
				CLANG_WARN_STRICT_PROTOTYPES = YES;
				CLANG_WARN_SUSPICIOUS_MOVE = YES;
				CLANG_WARN_UNGUARDED_AVAILABILITY = YES_AGGRESSIVE;
				CLANG_WARN_UNREACHABLE_CODE = YES;
				CLANG_WARN__DUPLICATE_METHOD_MATCH = YES;
				COPY_PHASE_STRIP = NO;
				DEBUG_INFORMATION_FORMAT = dwarf;
				ENABLE_STRICT_OBJC_MSGSEND = YES;
				ENABLE_TESTABILITY = YES;
				GCC_C_LANGUAGE_STANDARD = gnu11;
				GCC_DYNAMIC_NO_PIC = NO;
				GCC_NO_COMMON_BLOCKS = YES;
				GCC_OPTIMIZATION_LEVEL = 0;
				GCC_PREPROCESSOR_DEFINITIONS = (
					"DEBUG=1",
					"$(inherited)",
				);
				GCC_WARN_64_TO_32_BIT_CONVERSION = YES;
				GCC_WARN_ABOUT_RETURN_TYPE = YES_ERROR;
				GCC_WARN_UNDECLARED_SELECTOR = YES;
				GCC_WARN_UNINITIALIZED_AUTOS = YES_AGGRESSIVE;
				GCC_WARN_UNUSED_FUNCTION = YES;
				GCC_WARN_UNUSED_VARIABLE = YES;
				IPHONEOS_DEPLOYMENT_TARGET = 14.0;
				MTL_ENABLE_DEBUG_INFO = INCLUDE_SOURCE;
				MTL_FAST_MATH = YES;
				ONLY_ACTIVE_ARCH = YES;
				SDKROOT = iphoneos;
				SWIFT_ACTIVE_COMPILATION_CONDITIONS = DEBUG;
				SWIFT_OPTIMIZATION_LEVEL = "-Onone";
			};
			name = Debug;
		};
		270D8760253B4115008352B2 /* Release */ = {
			isa = XCBuildConfiguration;
			buildSettings = {
				ALWAYS_SEARCH_USER_PATHS = NO;
				CLANG_ANALYZER_NONNULL = YES;
				CLANG_ANALYZER_NUMBER_OBJECT_CONVERSION = YES_AGGRESSIVE;
				CLANG_CXX_LANGUAGE_STANDARD = "gnu++14";
				CLANG_CXX_LIBRARY = "libc++";
				CLANG_ENABLE_MODULES = YES;
				CLANG_ENABLE_OBJC_ARC = YES;
				CLANG_ENABLE_OBJC_WEAK = YES;
				CLANG_WARN_BLOCK_CAPTURE_AUTORELEASING = YES;
				CLANG_WARN_BOOL_CONVERSION = YES;
				CLANG_WARN_COMMA = YES;
				CLANG_WARN_CONSTANT_CONVERSION = YES;
				CLANG_WARN_DEPRECATED_OBJC_IMPLEMENTATIONS = YES;
				CLANG_WARN_DIRECT_OBJC_ISA_USAGE = YES_ERROR;
				CLANG_WARN_DOCUMENTATION_COMMENTS = YES;
				CLANG_WARN_EMPTY_BODY = YES;
				CLANG_WARN_ENUM_CONVERSION = YES;
				CLANG_WARN_INFINITE_RECURSION = YES;
				CLANG_WARN_INT_CONVERSION = YES;
				CLANG_WARN_NON_LITERAL_NULL_CONVERSION = YES;
				CLANG_WARN_OBJC_IMPLICIT_RETAIN_SELF = YES;
				CLANG_WARN_OBJC_LITERAL_CONVERSION = YES;
				CLANG_WARN_OBJC_ROOT_CLASS = YES_ERROR;
				CLANG_WARN_QUOTED_INCLUDE_IN_FRAMEWORK_HEADER = YES;
				CLANG_WARN_RANGE_LOOP_ANALYSIS = YES;
				CLANG_WARN_STRICT_PROTOTYPES = YES;
				CLANG_WARN_SUSPICIOUS_MOVE = YES;
				CLANG_WARN_UNGUARDED_AVAILABILITY = YES_AGGRESSIVE;
				CLANG_WARN_UNREACHABLE_CODE = YES;
				CLANG_WARN__DUPLICATE_METHOD_MATCH = YES;
				COPY_PHASE_STRIP = NO;
				DEBUG_INFORMATION_FORMAT = "dwarf-with-dsym";
				ENABLE_NS_ASSERTIONS = NO;
				ENABLE_STRICT_OBJC_MSGSEND = YES;
				GCC_C_LANGUAGE_STANDARD = gnu11;
				GCC_NO_COMMON_BLOCKS = YES;
				GCC_WARN_64_TO_32_BIT_CONVERSION = YES;
				GCC_WARN_ABOUT_RETURN_TYPE = YES_ERROR;
				GCC_WARN_UNDECLARED_SELECTOR = YES;
				GCC_WARN_UNINITIALIZED_AUTOS = YES_AGGRESSIVE;
				GCC_WARN_UNUSED_FUNCTION = YES;
				GCC_WARN_UNUSED_VARIABLE = YES;
				IPHONEOS_DEPLOYMENT_TARGET = 14.0;
				MTL_ENABLE_DEBUG_INFO = NO;
				MTL_FAST_MATH = YES;
				SDKROOT = iphoneos;
				SWIFT_COMPILATION_MODE = wholemodule;
				SWIFT_OPTIMIZATION_LEVEL = "-O";
				VALIDATE_PRODUCT = YES;
			};
			name = Release;
		};
		270D8762253B4115008352B2 /* Debug */ = {
			isa = XCBuildConfiguration;
			buildSettings = {
				ASSETCATALOG_COMPILER_APPICON_NAME = AppIcon;
				ASSETCATALOG_COMPILER_GLOBAL_ACCENT_COLOR_NAME = AccentColor;
				CODE_SIGN_STYLE = Automatic;
				DEVELOPMENT_TEAM = SDMT4NZ5FG;
				INFOPLIST_FILE = "iOS-App-Challenge/Info.plist";
				LD_RUNPATH_SEARCH_PATHS = (
					"$(inherited)",
					"@executable_path/Frameworks",
				);
				PRODUCT_BUNDLE_IDENTIFIER = "gustavotravassos.iOS-App-Challenge";
				PRODUCT_NAME = "$(TARGET_NAME)";
				SWIFT_VERSION = 5.0;
				TARGETED_DEVICE_FAMILY = "1,2";
			};
			name = Debug;
		};
		270D8763253B4115008352B2 /* Release */ = {
			isa = XCBuildConfiguration;
			buildSettings = {
				ASSETCATALOG_COMPILER_APPICON_NAME = AppIcon;
				ASSETCATALOG_COMPILER_GLOBAL_ACCENT_COLOR_NAME = AccentColor;
				CODE_SIGN_STYLE = Automatic;
				DEVELOPMENT_TEAM = SDMT4NZ5FG;
				INFOPLIST_FILE = "iOS-App-Challenge/Info.plist";
				LD_RUNPATH_SEARCH_PATHS = (
					"$(inherited)",
					"@executable_path/Frameworks",
				);
				PRODUCT_BUNDLE_IDENTIFIER = "gustavotravassos.iOS-App-Challenge";
				PRODUCT_NAME = "$(TARGET_NAME)";
				SWIFT_VERSION = 5.0;
				TARGETED_DEVICE_FAMILY = "1,2";
			};
			name = Release;
		};
		270D8765253B4115008352B2 /* Debug */ = {
			isa = XCBuildConfiguration;
			buildSettings = {
				ALWAYS_EMBED_SWIFT_STANDARD_LIBRARIES = YES;
				BUNDLE_LOADER = "$(TEST_HOST)";
				CODE_SIGN_STYLE = Automatic;
				DEVELOPMENT_TEAM = SDMT4NZ5FG;
				INFOPLIST_FILE = "iOS-App-ChallengeTests/Info.plist";
				IPHONEOS_DEPLOYMENT_TARGET = 14.0;
				LD_RUNPATH_SEARCH_PATHS = (
					"$(inherited)",
					"@executable_path/Frameworks",
					"@loader_path/Frameworks",
				);
				PRODUCT_BUNDLE_IDENTIFIER = "gustavotravassos.iOS-App-ChallengeTests";
				PRODUCT_NAME = "$(TARGET_NAME)";
				SWIFT_VERSION = 5.0;
				TARGETED_DEVICE_FAMILY = "1,2";
				TEST_HOST = "$(BUILT_PRODUCTS_DIR)/iOS-App-Challenge.app/iOS-App-Challenge";
			};
			name = Debug;
		};
		270D8766253B4115008352B2 /* Release */ = {
			isa = XCBuildConfiguration;
			buildSettings = {
				ALWAYS_EMBED_SWIFT_STANDARD_LIBRARIES = YES;
				BUNDLE_LOADER = "$(TEST_HOST)";
				CODE_SIGN_STYLE = Automatic;
				DEVELOPMENT_TEAM = SDMT4NZ5FG;
				INFOPLIST_FILE = "iOS-App-ChallengeTests/Info.plist";
				IPHONEOS_DEPLOYMENT_TARGET = 14.0;
				LD_RUNPATH_SEARCH_PATHS = (
					"$(inherited)",
					"@executable_path/Frameworks",
					"@loader_path/Frameworks",
				);
				PRODUCT_BUNDLE_IDENTIFIER = "gustavotravassos.iOS-App-ChallengeTests";
				PRODUCT_NAME = "$(TARGET_NAME)";
				SWIFT_VERSION = 5.0;
				TARGETED_DEVICE_FAMILY = "1,2";
				TEST_HOST = "$(BUILT_PRODUCTS_DIR)/iOS-App-Challenge.app/iOS-App-Challenge";
			};
			name = Release;
		};
		270D8768253B4115008352B2 /* Debug */ = {
			isa = XCBuildConfiguration;
			buildSettings = {
				ALWAYS_EMBED_SWIFT_STANDARD_LIBRARIES = YES;
				CODE_SIGN_STYLE = Automatic;
				DEVELOPMENT_TEAM = SDMT4NZ5FG;
				INFOPLIST_FILE = "iOS-App-ChallengeUITests/Info.plist";
				LD_RUNPATH_SEARCH_PATHS = (
					"$(inherited)",
					"@executable_path/Frameworks",
					"@loader_path/Frameworks",
				);
				PRODUCT_BUNDLE_IDENTIFIER = "gustavotravassos.iOS-App-ChallengeUITests";
				PRODUCT_NAME = "$(TARGET_NAME)";
				SWIFT_VERSION = 5.0;
				TARGETED_DEVICE_FAMILY = "1,2";
				TEST_TARGET_NAME = "iOS-App-Challenge";
			};
			name = Debug;
		};
		270D8769253B4115008352B2 /* Release */ = {
			isa = XCBuildConfiguration;
			buildSettings = {
				ALWAYS_EMBED_SWIFT_STANDARD_LIBRARIES = YES;
				CODE_SIGN_STYLE = Automatic;
				DEVELOPMENT_TEAM = SDMT4NZ5FG;
				INFOPLIST_FILE = "iOS-App-ChallengeUITests/Info.plist";
				LD_RUNPATH_SEARCH_PATHS = (
					"$(inherited)",
					"@executable_path/Frameworks",
					"@loader_path/Frameworks",
				);
				PRODUCT_BUNDLE_IDENTIFIER = "gustavotravassos.iOS-App-ChallengeUITests";
				PRODUCT_NAME = "$(TARGET_NAME)";
				SWIFT_VERSION = 5.0;
				TARGETED_DEVICE_FAMILY = "1,2";
				TEST_TARGET_NAME = "iOS-App-Challenge";
			};
			name = Release;
		};
/* End XCBuildConfiguration section */

/* Begin XCConfigurationList section */
		270D8732253B4112008352B2 /* Build configuration list for PBXProject "iOS-App-Challenge" */ = {
			isa = XCConfigurationList;
			buildConfigurations = (
				270D875F253B4115008352B2 /* Debug */,
				270D8760253B4115008352B2 /* Release */,
			);
			defaultConfigurationIsVisible = 0;
			defaultConfigurationName = Release;
		};
		270D8761253B4115008352B2 /* Build configuration list for PBXNativeTarget "iOS-App-Challenge" */ = {
			isa = XCConfigurationList;
			buildConfigurations = (
				270D8762253B4115008352B2 /* Debug */,
				270D8763253B4115008352B2 /* Release */,
			);
			defaultConfigurationIsVisible = 0;
			defaultConfigurationName = Release;
		};
		270D8764253B4115008352B2 /* Build configuration list for PBXNativeTarget "iOS-App-ChallengeTests" */ = {
			isa = XCConfigurationList;
			buildConfigurations = (
				270D8765253B4115008352B2 /* Debug */,
				270D8766253B4115008352B2 /* Release */,
			);
			defaultConfigurationIsVisible = 0;
			defaultConfigurationName = Release;
		};
		270D8767253B4115008352B2 /* Build configuration list for PBXNativeTarget "iOS-App-ChallengeUITests" */ = {
			isa = XCConfigurationList;
			buildConfigurations = (
				270D8768253B4115008352B2 /* Debug */,
				270D8769253B4115008352B2 /* Release */,
			);
			defaultConfigurationIsVisible = 0;
			defaultConfigurationName = Release;
		};
/* End XCConfigurationList section */
	};
	rootObject = 270D872F253B4112008352B2 /* Project object */;
}
